
Microsoft Visual Studio Solution File, Format Version 12.00
# Visual Studio Version 16
VisualStudioVersion = 17.0.31611.283
MinimumVisualStudioVersion = 10.0.40219.1
Project("{9A19103F-16F7-4668-BE54-9A1E7A4F7556}") = "A-Card", "A-Card\A-Card.csproj", "{A5665A4F-D90B-4557-9932-339C7179C5C2}"
EndProject
Project("{FAE04EC0-301F-11D3-BF4B-00C04F79EFBC}") = "A-Card Server", "A-Card Server\A-Card Server.csproj", "{7B551B8B-E7DB-470B-BC08-54C7061D796A}"
EndProject
Global
	GlobalSection(SolutionConfigurationPlatforms) = preSolution
		Debug|Any CPU = Debug|Any CPU
		Release|Any CPU = Release|Any CPU
	EndGlobalSection
	GlobalSection(ProjectConfigurationPlatforms) = postSolution
		{A5665A4F-D90B-4557-9932-339C7179C5C2}.Debug|Any CPU.ActiveCfg = Debug|Any CPU
		{A5665A4F-D90B-4557-9932-339C7179C5C2}.Debug|Any CPU.Build.0 = Debug|Any CPU
		{A5665A4F-D90B-4557-9932-339C7179C5C2}.Debug|Any CPU.Deploy.0 = Debug|Any CPU
		{A5665A4F-D90B-4557-9932-339C7179C5C2}.Release|Any CPU.ActiveCfg = Release|Any CPU
		{A5665A4F-D90B-4557-9932-339C7179C5C2}.Release|Any CPU.Build.0 = Release|Any CPU
		{A5665A4F-D90B-4557-9932-339C7179C5C2}.Release|Any CPU.Deploy.0 = Release|Any CPU
		{A539E41E-A960-4513-A8F7-1882A8B99EFE}.Debug|Any CPU.ActiveCfg = Debug|Any CPU
		{A539E41E-A960-4513-A8F7-1882A8B99EFE}.Debug|Any CPU.Build.0 = Debug|Any CPU
		{A539E41E-A960-4513-A8F7-1882A8B99EFE}.Release|Any CPU.ActiveCfg = Release|Any CPU
		{A539E41E-A960-4513-A8F7-1882A8B99EFE}.Release|Any CPU.Build.0 = Release|Any CPU
		{7B551B8B-E7DB-470B-BC08-54C7061D796A}.Debug|Any CPU.ActiveCfg = Debug|Any CPU
		{7B551B8B-E7DB-470B-BC08-54C7061D796A}.Debug|Any CPU.Build.0 = Debug|Any CPU
		{7B551B8B-E7DB-470B-BC08-54C7061D796A}.Release|Any CPU.ActiveCfg = Release|Any CPU
		{7B551B8B-E7DB-470B-BC08-54C7061D796A}.Release|Any CPU.Build.0 = Release|Any CPU
	EndGlobalSection
	GlobalSection(SolutionProperties) = preSolution
		HideSolutionNode = FALSE
	EndGlobalSection
	GlobalSection(ExtensibilityGlobals) = postSolution
		SolutionGuid = {61F7FB11-1E47-470C-91E2-47F8143E1572}
	EndGlobalSection
EndGlobal
